// !$*UTF8*$!
{
	archiveVersion = 1;
	classes = {
	};
	objectVersion = 56;
	objects = {

/* Begin PBXBuildFile section */
		9114A23D2C6C5B8C002759F1 /* TouchdownApp.swift in Sources */ = {isa = PBXBuildFile; fileRef = 9114A23C2C6C5B8C002759F1 /* TouchdownApp.swift */; };
		9114A23F2C6C5B8C002759F1 /* ContentView.swift in Sources */ = {isa = PBXBuildFile; fileRef = 9114A23E2C6C5B8C002759F1 /* ContentView.swift */; };
		9114A2412C6C5B8E002759F1 /* Assets.xcassets in Resources */ = {isa = PBXBuildFile; fileRef = 9114A2402C6C5B8E002759F1 /* Assets.xcassets */; };
		9114A2442C6C5B8E002759F1 /* Preview Assets.xcassets in Resources */ = {isa = PBXBuildFile; fileRef = 9114A2432C6C5B8E002759F1 /* Preview Assets.xcassets */; };
		914D84752C6EFD6A00326FC2 /* ProductDetailView.swift in Sources */ = {isa = PBXBuildFile; fileRef = 914D84742C6EFD6A00326FC2 /* ProductDetailView.swift */; };
		914D84772C6EFF0000326FC2 /* NavigationBarDetailView.swift in Sources */ = {isa = PBXBuildFile; fileRef = 914D84762C6EFF0000326FC2 /* NavigationBarDetailView.swift */; };
		914D84792C6F00A400326FC2 /* HeaderDetailView.swift in Sources */ = {isa = PBXBuildFile; fileRef = 914D84782C6F00A400326FC2 /* HeaderDetailView.swift */; };
		914D847B2C6F012800326FC2 /* TopPartDetailView.swift in Sources */ = {isa = PBXBuildFile; fileRef = 914D847A2C6F012800326FC2 /* TopPartDetailView.swift */; };
		914D847D2C6F05D400326FC2 /* CustomShape.swift in Sources */ = {isa = PBXBuildFile; fileRef = 914D847C2C6F05D400326FC2 /* CustomShape.swift */; };
		914D847F2C6F082200326FC2 /* RatingsSizeDetailView.swift in Sources */ = {isa = PBXBuildFile; fileRef = 914D847E2C6F082200326FC2 /* RatingsSizeDetailView.swift */; };
		914D84812C6F0BA700326FC2 /* QuantityFavoriteDetailView.swift in Sources */ = {isa = PBXBuildFile; fileRef = 914D84802C6F0BA700326FC2 /* QuantityFavoriteDetailView.swift */; };
		914D84832C6F0CF600326FC2 /* AddToCartDetailView.swift in Sources */ = {isa = PBXBuildFile; fileRef = 914D84822C6F0CF600326FC2 /* AddToCartDetailView.swift */; };
		914F687D2C6F39D9005981F7 /* Shop.swift in Sources */ = {isa = PBXBuildFile; fileRef = 914F687C2C6F39D9005981F7 /* Shop.swift */; };
		919E55672C6DB96C00AB8F13 /* PlayerModel.swift in Sources */ = {isa = PBXBuildFile; fileRef = 919E55662C6DB96C00AB8F13 /* PlayerModel.swift */; };
		919E55692C6DB9B500AB8F13 /* CodableBundleExtension.swift in Sources */ = {isa = PBXBuildFile; fileRef = 919E55682C6DB9B500AB8F13 /* CodableBundleExtension.swift */; };
		919E556B2C6DBB6D00AB8F13 /* FeaturedItemView.swift in Sources */ = {isa = PBXBuildFile; fileRef = 919E556A2C6DBB6D00AB8F13 /* FeaturedItemView.swift */; };
		919E556D2C6DBC4F00AB8F13 /* FeaturedTabView.swift in Sources */ = {isa = PBXBuildFile; fileRef = 919E556C2C6DBC4F00AB8F13 /* FeaturedTabView.swift */; };
		919E556F2C6DC0D300AB8F13 /* CategoryModel.swift in Sources */ = {isa = PBXBuildFile; fileRef = 919E556E2C6DC0D300AB8F13 /* CategoryModel.swift */; };
		919E55712C6DC1CA00AB8F13 /* CategoryItemView.swift in Sources */ = {isa = PBXBuildFile; fileRef = 919E55702C6DC1CA00AB8F13 /* CategoryItemView.swift */; };
		919E55732C6DC7B600AB8F13 /* CategoryGridView.swift in Sources */ = {isa = PBXBuildFile; fileRef = 919E55722C6DC7B600AB8F13 /* CategoryGridView.swift */; };
		919E55752C6DDE4500AB8F13 /* SectionView.swift in Sources */ = {isa = PBXBuildFile; fileRef = 919E55742C6DDE4500AB8F13 /* SectionView.swift */; };
		919E55772C6DE1AB00AB8F13 /* TitleView.swift in Sources */ = {isa = PBXBuildFile; fileRef = 919E55762C6DE1AB00AB8F13 /* TitleView.swift */; };
		919E55792C6DE82400AB8F13 /* ProductModel.swift in Sources */ = {isa = PBXBuildFile; fileRef = 919E55782C6DE82400AB8F13 /* ProductModel.swift */; };
		919E557B2C6DE88200AB8F13 /* ProductItemView.swift in Sources */ = {isa = PBXBuildFile; fileRef = 919E557A2C6DE88200AB8F13 /* ProductItemView.swift */; };
		919E557D2C6DED2300AB8F13 /* BrandModel.swift in Sources */ = {isa = PBXBuildFile; fileRef = 919E557C2C6DED2300AB8F13 /* BrandModel.swift */; };
		919E55812C6DEE6C00AB8F13 /* BrandGridView.swift in Sources */ = {isa = PBXBuildFile; fileRef = 919E55802C6DEE6C00AB8F13 /* BrandGridView.swift */; };
		919E55832C6DEFE800AB8F13 /* BrandItemView.swift in Sources */ = {isa = PBXBuildFile; fileRef = 919E55822C6DEFE800AB8F13 /* BrandItemView.swift */; };
		91A08F742C6CF3D900E95628 /* brand.json in Resources */ = {isa = PBXBuildFile; fileRef = 91A08F702C6CF3D900E95628 /* brand.json */; };
		91A08F752C6CF3D900E95628 /* player.json in Resources */ = {isa = PBXBuildFile; fileRef = 91A08F712C6CF3D900E95628 /* player.json */; };
		91A08F762C6CF3D900E95628 /* product.json in Resources */ = {isa = PBXBuildFile; fileRef = 91A08F722C6CF3D900E95628 /* product.json */; };
		91A08F772C6CF3D900E95628 /* category.json in Resources */ = {isa = PBXBuildFile; fileRef = 91A08F732C6CF3D900E95628 /* category.json */; };
		91A08F822C6CF70E00E95628 /* Constant.swift in Sources */ = {isa = PBXBuildFile; fileRef = 91A08F812C6CF70E00E95628 /* Constant.swift */; };
		91A08F842C6CF7A000E95628 /* FooterView.swift in Sources */ = {isa = PBXBuildFile; fileRef = 91A08F832C6CF7A000E95628 /* FooterView.swift */; };
		91A08F862C6CFAAA00E95628 /* NavigationBarView.swift in Sources */ = {isa = PBXBuildFile; fileRef = 91A08F852C6CFAAA00E95628 /* NavigationBarView.swift */; };
		91A08F882C6CFC5200E95628 /* LogoView.swift in Sources */ = {isa = PBXBuildFile; fileRef = 91A08F872C6CFC5200E95628 /* LogoView.swift */; };
/* End PBXBuildFile section */

/* Begin PBXFileReference section */
		9114A2392C6C5B8C002759F1 /* Touchdown.app */ = {isa = PBXFileReference; explicitFileType = wrapper.application; includeInIndex = 0; path = Touchdown.app; sourceTree = BUILT_PRODUCTS_DIR; };
		9114A23C2C6C5B8C002759F1 /* TouchdownApp.swift */ = {isa = PBXFileReference; lastKnownFileType = sourcecode.swift; path = TouchdownApp.swift; sourceTree = "<group>"; };
		9114A23E2C6C5B8C002759F1 /* ContentView.swift */ = {isa = PBXFileReference; lastKnownFileType = sourcecode.swift; path = ContentView.swift; sourceTree = "<group>"; };
		9114A2402C6C5B8E002759F1 /* Assets.xcassets */ = {isa = PBXFileReference; lastKnownFileType = folder.assetcatalog; path = Assets.xcassets; sourceTree = "<group>"; };
		9114A2432C6C5B8E002759F1 /* Preview Assets.xcassets */ = {isa = PBXFileReference; lastKnownFileType = folder.assetcatalog; path = "Preview Assets.xcassets"; sourceTree = "<group>"; };
		914D84742C6EFD6A00326FC2 /* ProductDetailView.swift */ = {isa = PBXFileReference; lastKnownFileType = sourcecode.swift; path = ProductDetailView.swift; sourceTree = "<group>"; };
		914D84762C6EFF0000326FC2 /* NavigationBarDetailView.swift */ = {isa = PBXFileReference; lastKnownFileType = sourcecode.swift; path = NavigationBarDetailView.swift; sourceTree = "<group>"; };
		914D84782C6F00A400326FC2 /* HeaderDetailView.swift */ = {isa = PBXFileReference; lastKnownFileType = sourcecode.swift; path = HeaderDetailView.swift; sourceTree = "<group>"; };
		914D847A2C6F012800326FC2 /* TopPartDetailView.swift */ = {isa = PBXFileReference; lastKnownFileType = sourcecode.swift; path = TopPartDetailView.swift; sourceTree = "<group>"; };
		914D847C2C6F05D400326FC2 /* CustomShape.swift */ = {isa = PBXFileReference; lastKnownFileType = sourcecode.swift; path = CustomShape.swift; sourceTree = "<group>"; };
		914D847E2C6F082200326FC2 /* RatingsSizeDetailView.swift */ = {isa = PBXFileReference; lastKnownFileType = sourcecode.swift; path = RatingsSizeDetailView.swift; sourceTree = "<group>"; };
		914D84802C6F0BA700326FC2 /* QuantityFavoriteDetailView.swift */ = {isa = PBXFileReference; lastKnownFileType = sourcecode.swift; path = QuantityFavoriteDetailView.swift; sourceTree = "<group>"; };
		914D84822C6F0CF600326FC2 /* AddToCartDetailView.swift */ = {isa = PBXFileReference; lastKnownFileType = sourcecode.swift; path = AddToCartDetailView.swift; sourceTree = "<group>"; };
		914F687C2C6F39D9005981F7 /* Shop.swift */ = {isa = PBXFileReference; lastKnownFileType = sourcecode.swift; path = Shop.swift; sourceTree = "<group>"; };
		919E55662C6DB96C00AB8F13 /* PlayerModel.swift */ = {isa = PBXFileReference; lastKnownFileType = sourcecode.swift; path = PlayerModel.swift; sourceTree = "<group>"; };
		919E55682C6DB9B500AB8F13 /* CodableBundleExtension.swift */ = {isa = PBXFileReference; lastKnownFileType = sourcecode.swift; path = CodableBundleExtension.swift; sourceTree = "<group>"; };
		919E556A2C6DBB6D00AB8F13 /* FeaturedItemView.swift */ = {isa = PBXFileReference; lastKnownFileType = sourcecode.swift; path = FeaturedItemView.swift; sourceTree = "<group>"; };
		919E556C2C6DBC4F00AB8F13 /* FeaturedTabView.swift */ = {isa = PBXFileReference; lastKnownFileType = sourcecode.swift; path = FeaturedTabView.swift; sourceTree = "<group>"; };
		919E556E2C6DC0D300AB8F13 /* CategoryModel.swift */ = {isa = PBXFileReference; lastKnownFileType = sourcecode.swift; path = CategoryModel.swift; sourceTree = "<group>"; };
		919E55702C6DC1CA00AB8F13 /* CategoryItemView.swift */ = {isa = PBXFileReference; lastKnownFileType = sourcecode.swift; path = CategoryItemView.swift; sourceTree = "<group>"; };
		919E55722C6DC7B600AB8F13 /* CategoryGridView.swift */ = {isa = PBXFileReference; lastKnownFileType = sourcecode.swift; path = CategoryGridView.swift; sourceTree = "<group>"; };
		919E55742C6DDE4500AB8F13 /* SectionView.swift */ = {isa = PBXFileReference; lastKnownFileType = sourcecode.swift; path = SectionView.swift; sourceTree = "<group>"; };
		919E55762C6DE1AB00AB8F13 /* TitleView.swift */ = {isa = PBXFileReference; lastKnownFileType = sourcecode.swift; path = TitleView.swift; sourceTree = "<group>"; };
		919E55782C6DE82400AB8F13 /* ProductModel.swift */ = {isa = PBXFileReference; lastKnownFileType = sourcecode.swift; path = ProductModel.swift; sourceTree = "<group>"; };
		919E557A2C6DE88200AB8F13 /* ProductItemView.swift */ = {isa = PBXFileReference; lastKnownFileType = sourcecode.swift; path = ProductItemView.swift; sourceTree = "<group>"; };
		919E557C2C6DED2300AB8F13 /* BrandModel.swift */ = {isa = PBXFileReference; lastKnownFileType = sourcecode.swift; path = BrandModel.swift; sourceTree = "<group>"; };
		919E55802C6DEE6C00AB8F13 /* BrandGridView.swift */ = {isa = PBXFileReference; lastKnownFileType = sourcecode.swift; path = BrandGridView.swift; sourceTree = "<group>"; };
		919E55822C6DEFE800AB8F13 /* BrandItemView.swift */ = {isa = PBXFileReference; lastKnownFileType = sourcecode.swift; path = BrandItemView.swift; sourceTree = "<group>"; };
		91A08F702C6CF3D900E95628 /* brand.json */ = {isa = PBXFileReference; fileEncoding = 4; lastKnownFileType = text.json; path = brand.json; sourceTree = "<group>"; };
		91A08F712C6CF3D900E95628 /* player.json */ = {isa = PBXFileReference; fileEncoding = 4; lastKnownFileType = text.json; path = player.json; sourceTree = "<group>"; };
		91A08F722C6CF3D900E95628 /* product.json */ = {isa = PBXFileReference; fileEncoding = 4; lastKnownFileType = text.json; path = product.json; sourceTree = "<group>"; };
		91A08F732C6CF3D900E95628 /* category.json */ = {isa = PBXFileReference; fileEncoding = 4; lastKnownFileType = text.json; path = category.json; sourceTree = "<group>"; };
		91A08F792C6CF42900E95628 /* Info.plist */ = {isa = PBXFileReference; lastKnownFileType = text.plist; path = Info.plist; sourceTree = "<group>"; };
		91A08F812C6CF70E00E95628 /* Constant.swift */ = {isa = PBXFileReference; lastKnownFileType = sourcecode.swift; path = Constant.swift; sourceTree = "<group>"; };
		91A08F832C6CF7A000E95628 /* FooterView.swift */ = {isa = PBXFileReference; lastKnownFileType = sourcecode.swift; path = FooterView.swift; sourceTree = "<group>"; };
		91A08F852C6CFAAA00E95628 /* NavigationBarView.swift */ = {isa = PBXFileReference; lastKnownFileType = sourcecode.swift; path = NavigationBarView.swift; sourceTree = "<group>"; };
		91A08F872C6CFC5200E95628 /* LogoView.swift */ = {isa = PBXFileReference; lastKnownFileType = sourcecode.swift; path = LogoView.swift; sourceTree = "<group>"; };
/* End PBXFileReference section */

/* Begin PBXFrameworksBuildPhase section */
		9114A2362C6C5B8C002759F1 /* Frameworks */ = {
			isa = PBXFrameworksBuildPhase;
			buildActionMask = 2147483647;
			files = (
			);
			runOnlyForDeploymentPostprocessing = 0;
		};
/* End PBXFrameworksBuildPhase section */

/* Begin PBXGroup section */
		9114A2302C6C5B8C002759F1 = {
			isa = PBXGroup;
			children = (
				9114A23B2C6C5B8C002759F1 /* Touchdown */,
				9114A23A2C6C5B8C002759F1 /* Products */,
			);
			sourceTree = "<group>";
		};
		9114A23A2C6C5B8C002759F1 /* Products */ = {
			isa = PBXGroup;
			children = (
				9114A2392C6C5B8C002759F1 /* Touchdown.app */,
			);
			name = Products;
			sourceTree = "<group>";
		};
		9114A23B2C6C5B8C002759F1 /* Touchdown */ = {
			isa = PBXGroup;
			children = (
				91A08F802C6CF6EB00E95628 /* Utility */,
				91A08F7F2C6CF6E000E95628 /* Extension */,
				91A08F7E2C6CF6DB00E95628 /* Model */,
				91A08F7B2C6CF6BE00E95628 /* View */,
				91A08F792C6CF42900E95628 /* Info.plist */,
				91A08F7A2C6CF4E100E95628 /* App */,
				91A08F782C6CF40000E95628 /* Data */,
				9114A2402C6C5B8E002759F1 /* Assets.xcassets */,
				9114A2422C6C5B8E002759F1 /* Preview Content */,
			);
			path = Touchdown;
			sourceTree = "<group>";
		};
		9114A2422C6C5B8E002759F1 /* Preview Content */ = {
			isa = PBXGroup;
			children = (
				9114A2432C6C5B8E002759F1 /* Preview Assets.xcassets */,
			);
			path = "Preview Content";
			sourceTree = "<group>";
		};
		91A08F782C6CF40000E95628 /* Data */ = {
			isa = PBXGroup;
			children = (
				91A08F702C6CF3D900E95628 /* brand.json */,
				91A08F732C6CF3D900E95628 /* category.json */,
				91A08F712C6CF3D900E95628 /* player.json */,
				91A08F722C6CF3D900E95628 /* product.json */,
			);
			path = Data;
			sourceTree = "<group>";
		};
		91A08F7A2C6CF4E100E95628 /* App */ = {
			isa = PBXGroup;
			children = (
				9114A23C2C6C5B8C002759F1 /* TouchdownApp.swift */,
				9114A23E2C6C5B8C002759F1 /* ContentView.swift */,
				914D84742C6EFD6A00326FC2 /* ProductDetailView.swift */,
			);
			path = App;
			sourceTree = "<group>";
		};
		91A08F7B2C6CF6BE00E95628 /* View */ = {
			isa = PBXGroup;
			children = (
				91A08F7D2C6CF6D100E95628 /* Detail */,
				91A08F7C2C6CF6C800E95628 /* Home */,
			);
			path = View;
			sourceTree = "<group>";
		};
		91A08F7C2C6CF6C800E95628 /* Home */ = {
			isa = PBXGroup;
			children = (
				91A08F832C6CF7A000E95628 /* FooterView.swift */,
				91A08F852C6CFAAA00E95628 /* NavigationBarView.swift */,
				91A08F872C6CFC5200E95628 /* LogoView.swift */,
				919E556A2C6DBB6D00AB8F13 /* FeaturedItemView.swift */,
				919E556C2C6DBC4F00AB8F13 /* FeaturedTabView.swift */,
				919E55702C6DC1CA00AB8F13 /* CategoryItemView.swift */,
				919E55722C6DC7B600AB8F13 /* CategoryGridView.swift */,
				919E55742C6DDE4500AB8F13 /* SectionView.swift */,
				919E55762C6DE1AB00AB8F13 /* TitleView.swift */,
				919E557A2C6DE88200AB8F13 /* ProductItemView.swift */,
				919E55802C6DEE6C00AB8F13 /* BrandGridView.swift */,
				919E55822C6DEFE800AB8F13 /* BrandItemView.swift */,
			);
			path = Home;
			sourceTree = "<group>";
		};
		91A08F7D2C6CF6D100E95628 /* Detail */ = {
			isa = PBXGroup;
			children = (
				914D84762C6EFF0000326FC2 /* NavigationBarDetailView.swift */,
				914D84782C6F00A400326FC2 /* HeaderDetailView.swift */,
				914D847A2C6F012800326FC2 /* TopPartDetailView.swift */,
				914D847E2C6F082200326FC2 /* RatingsSizeDetailView.swift */,
				914D84802C6F0BA700326FC2 /* QuantityFavoriteDetailView.swift */,
				914D84822C6F0CF600326FC2 /* AddToCartDetailView.swift */,
			);
			path = Detail;
			sourceTree = "<group>";
		};
		91A08F7E2C6CF6DB00E95628 /* Model */ = {
			isa = PBXGroup;
			children = (
				919E55662C6DB96C00AB8F13 /* PlayerModel.swift */,
				919E556E2C6DC0D300AB8F13 /* CategoryModel.swift */,
				919E55782C6DE82400AB8F13 /* ProductModel.swift */,
				919E557C2C6DED2300AB8F13 /* BrandModel.swift */,
			);
			path = Model;
			sourceTree = "<group>";
		};
		91A08F7F2C6CF6E000E95628 /* Extension */ = {
			isa = PBXGroup;
			children = (
				919E55682C6DB9B500AB8F13 /* CodableBundleExtension.swift */,
			);
			path = Extension;
			sourceTree = "<group>";
		};
		91A08F802C6CF6EB00E95628 /* Utility */ = {
			isa = PBXGroup;
			children = (
				91A08F812C6CF70E00E95628 /* Constant.swift */,
				914D847C2C6F05D400326FC2 /* CustomShape.swift */,
				914F687C2C6F39D9005981F7 /* Shop.swift */,
			);
			path = Utility;
			sourceTree = "<group>";
		};
/* End PBXGroup section */

/* Begin PBXNativeTarget section */
		9114A2382C6C5B8C002759F1 /* Touchdown */ = {
			isa = PBXNativeTarget;
			buildConfigurationList = 9114A2472C6C5B8E002759F1 /* Build configuration list for PBXNativeTarget "Touchdown" */;
			buildPhases = (
				9114A2352C6C5B8C002759F1 /* Sources */,
				9114A2362C6C5B8C002759F1 /* Frameworks */,
				9114A2372C6C5B8C002759F1 /* Resources */,
			);
			buildRules = (
			);
			dependencies = (
			);
			name = Touchdown;
			productName = Touchdown;
			productReference = 9114A2392C6C5B8C002759F1 /* Touchdown.app */;
			productType = "com.apple.product-type.application";
		};
/* End PBXNativeTarget section */

/* Begin PBXProject section */
		9114A2312C6C5B8C002759F1 /* Project object */ = {
			isa = PBXProject;
			attributes = {
				BuildIndependentTargetsInParallel = 1;
				LastSwiftUpdateCheck = 1430;
				LastUpgradeCheck = 1430;
				TargetAttributes = {
					9114A2382C6C5B8C002759F1 = {
						CreatedOnToolsVersion = 14.3.1;
					};
				};
			};
			buildConfigurationList = 9114A2342C6C5B8C002759F1 /* Build configuration list for PBXProject "Touchdown" */;
			compatibilityVersion = "Xcode 14.0";
			developmentRegion = en;
			hasScannedForEncodings = 0;
			knownRegions = (
				en,
				Base,
			);
			mainGroup = 9114A2302C6C5B8C002759F1;
			productRefGroup = 9114A23A2C6C5B8C002759F1 /* Products */;
			projectDirPath = "";
			projectRoot = "";
			targets = (
				9114A2382C6C5B8C002759F1 /* Touchdown */,
			);
		};
/* End PBXProject section */

/* Begin PBXResourcesBuildPhase section */
		9114A2372C6C5B8C002759F1 /* Resources */ = {
			isa = PBXResourcesBuildPhase;
			buildActionMask = 2147483647;
			files = (
				91A08F752C6CF3D900E95628 /* player.json in Resources */,
				9114A2442C6C5B8E002759F1 /* Preview Assets.xcassets in Resources */,
				9114A2412C6C5B8E002759F1 /* Assets.xcassets in Resources */,
				91A08F772C6CF3D900E95628 /* category.json in Resources */,
				91A08F742C6CF3D900E95628 /* brand.json in Resources */,
				91A08F762C6CF3D900E95628 /* product.json in Resources */,
			);
			runOnlyForDeploymentPostprocessing = 0;
		};
/* End PBXResourcesBuildPhase section */

/* Begin PBXSourcesBuildPhase section */
		9114A2352C6C5B8C002759F1 /* Sources */ = {
			isa = PBXSourcesBuildPhase;
			buildActionMask = 2147483647;
			files = (
				919E55692C6DB9B500AB8F13 /* CodableBundleExtension.swift in Sources */,
				914D84792C6F00A400326FC2 /* HeaderDetailView.swift in Sources */,
				914D847B2C6F012800326FC2 /* TopPartDetailView.swift in Sources */,
				9114A23F2C6C5B8C002759F1 /* ContentView.swift in Sources */,
				914D84812C6F0BA700326FC2 /* QuantityFavoriteDetailView.swift in Sources */,
				91A08F882C6CFC5200E95628 /* LogoView.swift in Sources */,
				91A08F842C6CF7A000E95628 /* FooterView.swift in Sources */,
				919E556B2C6DBB6D00AB8F13 /* FeaturedItemView.swift in Sources */,
				914D84832C6F0CF600326FC2 /* AddToCartDetailView.swift in Sources */,
				919E55812C6DEE6C00AB8F13 /* BrandGridView.swift in Sources */,
				919E557B2C6DE88200AB8F13 /* ProductItemView.swift in Sources */,
				914D847F2C6F082200326FC2 /* RatingsSizeDetailView.swift in Sources */,
				9114A23D2C6C5B8C002759F1 /* TouchdownApp.swift in Sources */,
				914D84752C6EFD6A00326FC2 /* ProductDetailView.swift in Sources */,
				914D84772C6EFF0000326FC2 /* NavigationBarDetailView.swift in Sources */,
				91A08F822C6CF70E00E95628 /* Constant.swift in Sources */,
				919E55732C6DC7B600AB8F13 /* CategoryGridView.swift in Sources */,
				919E556F2C6DC0D300AB8F13 /* CategoryModel.swift in Sources */,
				91A08F862C6CFAAA00E95628 /* NavigationBarView.swift in Sources */,
				919E55752C6DDE4500AB8F13 /* SectionView.swift in Sources */,
				919E55712C6DC1CA00AB8F13 /* CategoryItemView.swift in Sources */,
				919E556D2C6DBC4F00AB8F13 /* FeaturedTabView.swift in Sources */,
				919E55832C6DEFE800AB8F13 /* BrandItemView.swift in Sources */,
				914D847D2C6F05D400326FC2 /* CustomShape.swift in Sources */,
				914F687D2C6F39D9005981F7 /* Shop.swift in Sources */,
				919E55672C6DB96C00AB8F13 /* PlayerModel.swift in Sources */,
				919E557D2C6DED2300AB8F13 /* BrandModel.swift in Sources */,
				919E55772C6DE1AB00AB8F13 /* TitleView.swift in Sources */,
				919E55792C6DE82400AB8F13 /* ProductModel.swift in Sources */,
			);
			runOnlyForDeploymentPostprocessing = 0;
		};
/* End PBXSourcesBuildPhase section */

/* Begin XCBuildConfiguration section */
		9114A2452C6C5B8E002759F1 /* Debug */ = {
			isa = XCBuildConfiguration;
			buildSettings = {
				ALWAYS_SEARCH_USER_PATHS = NO;
				CLANG_ANALYZER_NONNULL = YES;
				CLANG_ANALYZER_NUMBER_OBJECT_CONVERSION = YES_AGGRESSIVE;
				CLANG_CXX_LANGUAGE_STANDARD = "gnu++20";
				CLANG_ENABLE_MODULES = YES;
				CLANG_ENABLE_OBJC_ARC = YES;
				CLANG_ENABLE_OBJC_WEAK = YES;
				CLANG_WARN_BLOCK_CAPTURE_AUTORELEASING = YES;
				CLANG_WARN_BOOL_CONVERSION = YES;
				CLANG_WARN_COMMA = YES;
				CLANG_WARN_CONSTANT_CONVERSION = YES;
				CLANG_WARN_DEPRECATED_OBJC_IMPLEMENTATIONS = YES;
				CLANG_WARN_DIRECT_OBJC_ISA_USAGE = YES_ERROR;
				CLANG_WARN_DOCUMENTATION_COMMENTS = YES;
				CLANG_WARN_EMPTY_BODY = YES;
				CLANG_WARN_ENUM_CONVERSION = YES;
				CLANG_WARN_INFINITE_RECURSION = YES;
				CLANG_WARN_INT_CONVERSION = YES;
				CLANG_WARN_NON_LITERAL_NULL_CONVERSION = YES;
				CLANG_WARN_OBJC_IMPLICIT_RETAIN_SELF = YES;
				CLANG_WARN_OBJC_LITERAL_CONVERSION = YES;
				CLANG_WARN_OBJC_ROOT_CLASS = YES_ERROR;
				CLANG_WARN_QUOTED_INCLUDE_IN_FRAMEWORK_HEADER = YES;
				CLANG_WARN_RANGE_LOOP_ANALYSIS = YES;
				CLANG_WARN_STRICT_PROTOTYPES = YES;
				CLANG_WARN_SUSPICIOUS_MOVE = YES;
				CLANG_WARN_UNGUARDED_AVAILABILITY = YES_AGGRESSIVE;
				CLANG_WARN_UNREACHABLE_CODE = YES;
				CLANG_WARN__DUPLICATE_METHOD_MATCH = YES;
				COPY_PHASE_STRIP = NO;
				DEBUG_INFORMATION_FORMAT = dwarf;
				ENABLE_STRICT_OBJC_MSGSEND = YES;
				ENABLE_TESTABILITY = YES;
				GCC_C_LANGUAGE_STANDARD = gnu11;
				GCC_DYNAMIC_NO_PIC = NO;
				GCC_NO_COMMON_BLOCKS = YES;
				GCC_OPTIMIZATION_LEVEL = 0;
				GCC_PREPROCESSOR_DEFINITIONS = (
					"DEBUG=1",
					"$(inherited)",
				);
				GCC_WARN_64_TO_32_BIT_CONVERSION = YES;
				GCC_WARN_ABOUT_RETURN_TYPE = YES_ERROR;
				GCC_WARN_UNDECLARED_SELECTOR = YES;
				GCC_WARN_UNINITIALIZED_AUTOS = YES_AGGRESSIVE;
				GCC_WARN_UNUSED_FUNCTION = YES;
				GCC_WARN_UNUSED_VARIABLE = YES;
				IPHONEOS_DEPLOYMENT_TARGET = 16.4;
				MTL_ENABLE_DEBUG_INFO = INCLUDE_SOURCE;
				MTL_FAST_MATH = YES;
				ONLY_ACTIVE_ARCH = YES;
				SDKROOT = iphoneos;
				SWIFT_ACTIVE_COMPILATION_CONDITIONS = DEBUG;
				SWIFT_OPTIMIZATION_LEVEL = "-Onone";
			};
			name = Debug;
		};
		9114A2462C6C5B8E002759F1 /* Release */ = {
			isa = XCBuildConfiguration;
			buildSettings = {
				ALWAYS_SEARCH_USER_PATHS = NO;
				CLANG_ANALYZER_NONNULL = YES;
				CLANG_ANALYZER_NUMBER_OBJECT_CONVERSION = YES_AGGRESSIVE;
				CLANG_CXX_LANGUAGE_STANDARD = "gnu++20";
				CLANG_ENABLE_MODULES = YES;
				CLANG_ENABLE_OBJC_ARC = YES;
				CLANG_ENABLE_OBJC_WEAK = YES;
				CLANG_WARN_BLOCK_CAPTURE_AUTORELEASING = YES;
				CLANG_WARN_BOOL_CONVERSION = YES;
				CLANG_WARN_COMMA = YES;
				CLANG_WARN_CONSTANT_CONVERSION = YES;
				CLANG_WARN_DEPRECATED_OBJC_IMPLEMENTATIONS = YES;
				CLANG_WARN_DIRECT_OBJC_ISA_USAGE = YES_ERROR;
				CLANG_WARN_DOCUMENTATION_COMMENTS = YES;
				CLANG_WARN_EMPTY_BODY = YES;
				CLANG_WARN_ENUM_CONVERSION = YES;
				CLANG_WARN_INFINITE_RECURSION = YES;
				CLANG_WARN_INT_CONVERSION = YES;
				CLANG_WARN_NON_LITERAL_NULL_CONVERSION = YES;
				CLANG_WARN_OBJC_IMPLICIT_RETAIN_SELF = YES;
				CLANG_WARN_OBJC_LITERAL_CONVERSION = YES;
				CLANG_WARN_OBJC_ROOT_CLASS = YES_ERROR;
				CLANG_WARN_QUOTED_INCLUDE_IN_FRAMEWORK_HEADER = YES;
				CLANG_WARN_RANGE_LOOP_ANALYSIS = YES;
				CLANG_WARN_STRICT_PROTOTYPES = YES;
				CLANG_WARN_SUSPICIOUS_MOVE = YES;
				CLANG_WARN_UNGUARDED_AVAILABILITY = YES_AGGRESSIVE;
				CLANG_WARN_UNREACHABLE_CODE = YES;
				CLANG_WARN__DUPLICATE_METHOD_MATCH = YES;
				COPY_PHASE_STRIP = NO;
				DEBUG_INFORMATION_FORMAT = "dwarf-with-dsym";
				ENABLE_NS_ASSERTIONS = NO;
				ENABLE_STRICT_OBJC_MSGSEND = YES;
				GCC_C_LANGUAGE_STANDARD = gnu11;
				GCC_NO_COMMON_BLOCKS = YES;
				GCC_WARN_64_TO_32_BIT_CONVERSION = YES;
				GCC_WARN_ABOUT_RETURN_TYPE = YES_ERROR;
				GCC_WARN_UNDECLARED_SELECTOR = YES;
				GCC_WARN_UNINITIALIZED_AUTOS = YES_AGGRESSIVE;
				GCC_WARN_UNUSED_FUNCTION = YES;
				GCC_WARN_UNUSED_VARIABLE = YES;
				IPHONEOS_DEPLOYMENT_TARGET = 16.4;
				MTL_ENABLE_DEBUG_INFO = NO;
				MTL_FAST_MATH = YES;
				SDKROOT = iphoneos;
				SWIFT_COMPILATION_MODE = wholemodule;
				SWIFT_OPTIMIZATION_LEVEL = "-O";
				VALIDATE_PRODUCT = YES;
			};
			name = Release;
		};
		9114A2482C6C5B8E002759F1 /* Debug */ = {
			isa = XCBuildConfiguration;
			buildSettings = {
				ASSETCATALOG_COMPILER_APPICON_NAME = AppIcon;
				ASSETCATALOG_COMPILER_GLOBAL_ACCENT_COLOR_NAME = AccentColor;
				CODE_SIGN_STYLE = Automatic;
				CURRENT_PROJECT_VERSION = 1;
				DEVELOPMENT_ASSET_PATHS = "\"Touchdown/Preview Content\"";
				DEVELOPMENT_TEAM = Y5Y2G7UJ92;
				ENABLE_PREVIEWS = YES;
				GENERATE_INFOPLIST_FILE = YES;
				INFOPLIST_FILE = Touchdown/Info.plist;
				INFOPLIST_KEY_UIApplicationSceneManifest_Generation = YES;
				INFOPLIST_KEY_UIApplicationSupportsIndirectInputEvents = YES;
				INFOPLIST_KEY_UISupportedInterfaceOrientations = UIInterfaceOrientationPortrait;
				INFOPLIST_KEY_UISupportedInterfaceOrientations_iPad = "UIInterfaceOrientationLandscapeLeft UIInterfaceOrientationLandscapeRight UIInterfaceOrientationPortrait UIInterfaceOrientationPortraitUpsideDown";
				INFOPLIST_KEY_UIUserInterfaceStyle = Light;
				LD_RUNPATH_SEARCH_PATHS = (
					"$(inherited)",
					"@executable_path/Frameworks",
				);
				MARKETING_VERSION = 1.0;
				PRODUCT_BUNDLE_IDENTIFIER = com.farihmhmd.Touchdown;
				PRODUCT_NAME = "$(TARGET_NAME)";
				SWIFT_EMIT_LOC_STRINGS = YES;
				SWIFT_VERSION = 5.0;
				TARGETED_DEVICE_FAMILY = "1,2";
			};
			name = Debug;
		};
		9114A2492C6C5B8E002759F1 /* Release */ = {
			isa = XCBuildConfiguration;
			buildSettings = {
				ASSETCATALOG_COMPILER_APPICON_NAME = AppIcon;
				ASSETCATALOG_COMPILER_GLOBAL_ACCENT_COLOR_NAME = AccentColor;
				CODE_SIGN_STYLE = Automatic;
				CURRENT_PROJECT_VERSION = 1;
				DEVELOPMENT_ASSET_PATHS = "\"Touchdown/Preview Content\"";
				DEVELOPMENT_TEAM = Y5Y2G7UJ92;
				ENABLE_PREVIEWS = YES;
				GENERATE_INFOPLIST_FILE = YES;
				INFOPLIST_FILE = Touchdown/Info.plist;
				INFOPLIST_KEY_UIApplicationSceneManifest_Generation = YES;
				INFOPLIST_KEY_UIApplicationSupportsIndirectInputEvents = YES;
				INFOPLIST_KEY_UISupportedInterfaceOrientations = UIInterfaceOrientationPortrait;
				INFOPLIST_KEY_UISupportedInterfaceOrientations_iPad = "UIInterfaceOrientationLandscapeLeft UIInterfaceOrientationLandscapeRight UIInterfaceOrientationPortrait UIInterfaceOrientationPortraitUpsideDown";
				INFOPLIST_KEY_UIUserInterfaceStyle = Light;
				LD_RUNPATH_SEARCH_PATHS = (
					"$(inherited)",
					"@executable_path/Frameworks",
				);
				MARKETING_VERSION = 1.0;
				PRODUCT_BUNDLE_IDENTIFIER = com.farihmhmd.Touchdown;
				PRODUCT_NAME = "$(TARGET_NAME)";
				SWIFT_EMIT_LOC_STRINGS = YES;
				SWIFT_VERSION = 5.0;
				TARGETED_DEVICE_FAMILY = "1,2";
			};
			name = Release;
		};
/* End XCBuildConfiguration section */

/* Begin XCConfigurationList section */
		9114A2342C6C5B8C002759F1 /* Build configuration list for PBXProject "Touchdown" */ = {
			isa = XCConfigurationList;
			buildConfigurations = (
				9114A2452C6C5B8E002759F1 /* Debug */,
				9114A2462C6C5B8E002759F1 /* Release */,
			);
			defaultConfigurationIsVisible = 0;
			defaultConfigurationName = Release;
		};
		9114A2472C6C5B8E002759F1 /* Build configuration list for PBXNativeTarget "Touchdown" */ = {
			isa = XCConfigurationList;
			buildConfigurations = (
				9114A2482C6C5B8E002759F1 /* Debug */,
				9114A2492C6C5B8E002759F1 /* Release */,
			);
			defaultConfigurationIsVisible = 0;
			defaultConfigurationName = Release;
		};
/* End XCConfigurationList section */
	};
	rootObject = 9114A2312C6C5B8C002759F1 /* Project object */;
}
